
Microsoft Visual Studio Solution File, Format Version 12.00
# Visual Studio 15
VisualStudioVersion = 15.0.27004.2002
MinimumVisualStudioVersion = 10.0.40219.1
Project("{FAE04EC0-301F-11D3-BF4B-00C04F79EFBC}") = "PacketAPI", "PacketAPI\PacketAPI.csproj", "{A2E8BF6A-2F2B-4B5E-BB8B-4EF3AC06D07B}"
EndProject
Global
	GlobalSection(SolutionConfigurationPlatforms) = preSolution
		Debug|Any CPU = Debug|Any CPU
		Release|Any CPU = Release|Any CPU
	EndGlobalSection
	GlobalSection(ProjectConfigurationPlatforms) = postSolution
		{A2E8BF6A-2F2B-4B5E-BB8B-4EF3AC06D07B}.Debug|Any CPU.ActiveCfg = Debug|Any CPU
		{A2E8BF6A-2F2B-4B5E-BB8B-4EF3AC06D07B}.Debug|Any CPU.Build.0 = Debug|Any CPU
		{A2E8BF6A-2F2B-4B5E-BB8B-4EF3AC06D07B}.Release|Any CPU.ActiveCfg = Release|Any CPU
		{A2E8BF6A-2F2B-4B5E-BB8B-4EF3AC06D07B}.Release|Any CPU.Build.0 = Release|Any CPU
	EndGlobalSection
	GlobalSection(SolutionProperties) = preSolution
		HideSolutionNode = FALSE
	EndGlobalSection
	GlobalSection(ExtensibilityGlobals) = postSolution
		SolutionGuid = {4E025216-3205-4B9A-B80B-53D487D15C4C}
	EndGlobalSection
EndGlobal
